
Microsoft Visual Studio Solution File, Format Version 12.00
Project("{FAE04EC0-301F-11D3-BF4B-00C04F79EFBC}") = "Notpad", "Notpad\Notpad.csproj", "{96ABE386-7C8B-46D5-9D46-95582316798F}"
EndProject
Global
	GlobalSection(SolutionConfigurationPlatforms) = preSolution
		Debug|Any CPU = Debug|Any CPU
		Release|Any CPU = Release|Any CPU
	EndGlobalSection
	GlobalSection(ProjectConfigurationPlatforms) = postSolution
		{96ABE386-7C8B-46D5-9D46-95582316798F}.Debug|Any CPU.ActiveCfg = Debug|Any CPU
		{96ABE386-7C8B-46D5-9D46-95582316798F}.Debug|Any CPU.Build.0 = Debug|Any CPU
		{96ABE386-7C8B-46D5-9D46-95582316798F}.Release|Any CPU.ActiveCfg = Release|Any CPU
		{96ABE386-7C8B-46D5-9D46-95582316798F}.Release|Any CPU.Build.0 = Release|Any CPU
	EndGlobalSection
EndGlobal
